
Microsoft Visual Studio Solution File, Format Version 12.00
# Visual Studio Version 17
VisualStudioVersion = 17.1.32407.343
MinimumVisualStudioVersion = 10.0.40219.1
Project("{9A19103F-16F7-4668-BE54-9A1E7A4F7556}") = "Vcpkg.Gui.App", "Vcpkg.Gui.App\Vcpkg.Gui.App.csproj", "{B708990F-B390-4234-8673-03371E26C50B}"
EndProject
Project("{9A19103F-16F7-4668-BE54-9A1E7A4F7556}") = "Vcpkg.Core", "Vcpkg.Core\Vcpkg.Core.csproj", "{502D1A66-7398-47E9-95F7-5965902F2599}"
EndProject
Project("{FAE04EC0-301F-11D3-BF4B-00C04F79EFBC}") = "Vcpkg.Core.Test", "Vcpkg.Core.Test\Vcpkg.Core.Test.csproj", "{FC0859A5-3318-4C54-B9E6-5B4B597C4515}"
EndProject
Global
	GlobalSection(SolutionConfigurationPlatforms) = preSolution
		Debug|Any CPU = Debug|Any CPU
		Release|Any CPU = Release|Any CPU
	EndGlobalSection
	GlobalSection(ProjectConfigurationPlatforms) = postSolution
		{B708990F-B390-4234-8673-03371E26C50B}.Debug|Any CPU.ActiveCfg = Debug|Any CPU
		{B708990F-B390-4234-8673-03371E26C50B}.Debug|Any CPU.Build.0 = Debug|Any CPU
		{B708990F-B390-4234-8673-03371E26C50B}.Release|Any CPU.ActiveCfg = Release|Any CPU
		{B708990F-B390-4234-8673-03371E26C50B}.Release|Any CPU.Build.0 = Release|Any CPU
		{502D1A66-7398-47E9-95F7-5965902F2599}.Debug|Any CPU.ActiveCfg = Debug|Any CPU
		{502D1A66-7398-47E9-95F7-5965902F2599}.Debug|Any CPU.Build.0 = Debug|Any CPU
		{502D1A66-7398-47E9-95F7-5965902F2599}.Release|Any CPU.ActiveCfg = Release|Any CPU
		{502D1A66-7398-47E9-95F7-5965902F2599}.Release|Any CPU.Build.0 = Release|Any CPU
		{FC0859A5-3318-4C54-B9E6-5B4B597C4515}.Debug|Any CPU.ActiveCfg = Debug|Any CPU
		{FC0859A5-3318-4C54-B9E6-5B4B597C4515}.Debug|Any CPU.Build.0 = Debug|Any CPU
		{FC0859A5-3318-4C54-B9E6-5B4B597C4515}.Release|Any CPU.ActiveCfg = Release|Any CPU
		{FC0859A5-3318-4C54-B9E6-5B4B597C4515}.Release|Any CPU.Build.0 = Release|Any CPU
	EndGlobalSection
	GlobalSection(SolutionProperties) = preSolution
		HideSolutionNode = FALSE
	EndGlobalSection
	GlobalSection(ExtensibilityGlobals) = postSolution
		SolutionGuid = {AB68CF79-9E55-4CDB-B23B-D7B2FBACE62D}
	EndGlobalSection
EndGlobal
